// !$*UTF8*$!
{
	archiveVersion = 1;
	classes = {
	};
	objectVersion = 54;
	objects = {
		97C146ED1CF9000F007C117D /* Project object */ = {
			isa = PBXProject;
			attributes = {
				LastUpgradeCheck = 1510;
				ORGANIZATIONNAME = NEXUS;
			};
			buildConfigurationList = 97C147031CF9000F007C117D /* Build configuration list */;
			compatibilityVersion = "Xcode 9.3";
			developmentRegion = en;
			hasScannedForEncodings = 0;
			knownRegions = (en, Base, "zh-Hant");
			mainGroup = 97C146EC1CF9000F007C117D;
			productRefGroup = 97C146EC1CF9000F007C117D;
			projectDirPath = "";
			projectRoot = "";
			targets = (
			);
		};
		97C146EC1CF9000F007C117D = {
			isa = PBXGroup;
			children = (
			);
			sourceTree = "<group>";
		};
		97C147031CF9000F007C117D /* Build configuration list */ = {
			isa = XCConfigurationList;
			buildConfigurations = (
				97C147041CF9000F007C117D /* Debug */,
				97C147051CF9000F007C117D /* Release */,
			);
			defaultConfigurationIsVisible = 0;
			defaultConfigurationName = Release;
		};
		97C147041CF9000F007C117D /* Debug */ = {
			isa = XCBuildConfiguration;
			buildSettings = {
				PRODUCT_BUNDLE_IDENTIFIER = com.nexus.publicmobile;
				PRODUCT_NAME = nexus_public_mobile;
				IPHONEOS_DEPLOYMENT_TARGET = 13.0;
				TARGETED_DEVICE_FAMILY = "1,2";
			};
			name = Debug;
		};
		97C147051CF9000F007C117D /* Release */ = {
			isa = XCBuildConfiguration;
			buildSettings = {
				PRODUCT_BUNDLE_IDENTIFIER = com.nexus.publicmobile;
				PRODUCT_NAME = nexus_public_mobile;
				IPHONEOS_DEPLOYMENT_TARGET = 13.0;
				TARGETED_DEVICE_FAMILY = "1,2";
			};
			name = Release;
		};
	};
	rootObject = 97C146ED1CF9000F007C117D /* Project object */;
}
